
Microsoft Visual Studio Solution File, Format Version 12.00
# Visual Studio Version 17
VisualStudioVersion = 17.6.33829.357
MinimumVisualStudioVersion = 10.0.40219.1
Project("{FAE04EC0-301F-11D3-BF4B-00C04F79EFBC}") = "HW-26.08.23(1)", "HW-26.08.23\HW-26.08.23(1).csproj", "{AEF2CA12-361E-463F-AD72-1E8DFE448621}"
EndProject
Project("{FAE04EC0-301F-11D3-BF4B-00C04F79EFBC}") = "HW-26.08.23(2)", "HW-26.08.23(2)\HW-26.08.23(2).csproj", "{7A578787-7773-4A09-965A-DE03ACD44D25}"
EndProject
Project("{FAE04EC0-301F-11D3-BF4B-00C04F79EFBC}") = "HW-26.08.23(3)", "HW-26.08.23(3)\HW-26.08.23(3).csproj", "{D5203304-9703-40EA-935C-2AB0DFBB27DB}"
EndProject
Global
	GlobalSection(SolutionConfigurationPlatforms) = preSolution
		Debug|Any CPU = Debug|Any CPU
		Release|Any CPU = Release|Any CPU
	EndGlobalSection
	GlobalSection(ProjectConfigurationPlatforms) = postSolution
		{AEF2CA12-361E-463F-AD72-1E8DFE448621}.Debug|Any CPU.ActiveCfg = Debug|Any CPU
		{AEF2CA12-361E-463F-AD72-1E8DFE448621}.Debug|Any CPU.Build.0 = Debug|Any CPU
		{AEF2CA12-361E-463F-AD72-1E8DFE448621}.Release|Any CPU.ActiveCfg = Release|Any CPU
		{AEF2CA12-361E-463F-AD72-1E8DFE448621}.Release|Any CPU.Build.0 = Release|Any CPU
		{7A578787-7773-4A09-965A-DE03ACD44D25}.Debug|Any CPU.ActiveCfg = Debug|Any CPU
		{7A578787-7773-4A09-965A-DE03ACD44D25}.Debug|Any CPU.Build.0 = Debug|Any CPU
		{7A578787-7773-4A09-965A-DE03ACD44D25}.Release|Any CPU.ActiveCfg = Release|Any CPU
		{7A578787-7773-4A09-965A-DE03ACD44D25}.Release|Any CPU.Build.0 = Release|Any CPU
		{D5203304-9703-40EA-935C-2AB0DFBB27DB}.Debug|Any CPU.ActiveCfg = Debug|Any CPU
		{D5203304-9703-40EA-935C-2AB0DFBB27DB}.Debug|Any CPU.Build.0 = Debug|Any CPU
		{D5203304-9703-40EA-935C-2AB0DFBB27DB}.Release|Any CPU.ActiveCfg = Release|Any CPU
		{D5203304-9703-40EA-935C-2AB0DFBB27DB}.Release|Any CPU.Build.0 = Release|Any CPU
	EndGlobalSection
	GlobalSection(SolutionProperties) = preSolution
		HideSolutionNode = FALSE
	EndGlobalSection
	GlobalSection(ExtensibilityGlobals) = postSolution
		SolutionGuid = {EE857297-D510-4FE8-A644-830D22CDF8B6}
	EndGlobalSection
EndGlobal
